
Microsoft Visual Studio Solution File, Format Version 12.00
# Visual Studio Version 17
VisualStudioVersion = 17.9.34714.143
MinimumVisualStudioVersion = 10.0.40219.1
Project("{8BC9CEB8-8B4A-11D0-8D11-00A0C91BC942}") = "YMCDriver", "YMCDriver\YMCDriver.vcxproj", "{92541FFC-43EF-4790-A3F4-9A2A0111E8A6}"
EndProject
Project("{8BC9CEB8-8B4A-11D0-8D11-00A0C91BC942}") = "ExampleClient", "ExampleClient\ExampleClient.vcxproj", "{57898088-A706-450C-955A-4DA539196DDF}"
EndProject
Global
	GlobalSection(SolutionConfigurationPlatforms) = preSolution
		Debug|x64 = Debug|x64
		Release|x64 = Release|x64
	EndGlobalSection
	GlobalSection(ProjectConfigurationPlatforms) = postSolution
		{92541FFC-43EF-4790-A3F4-9A2A0111E8A6}.Debug|x64.ActiveCfg = Debug|x64
		{92541FFC-43EF-4790-A3F4-9A2A0111E8A6}.Debug|x64.Build.0 = Debug|x64
		{92541FFC-43EF-4790-A3F4-9A2A0111E8A6}.Debug|x64.Deploy.0 = Debug|x64
		{92541FFC-43EF-4790-A3F4-9A2A0111E8A6}.Release|x64.ActiveCfg = Release|x64
		{92541FFC-43EF-4790-A3F4-9A2A0111E8A6}.Release|x64.Build.0 = Release|x64
		{92541FFC-43EF-4790-A3F4-9A2A0111E8A6}.Release|x64.Deploy.0 = Release|x64
		{57898088-A706-450C-955A-4DA539196DDF}.Debug|x64.ActiveCfg = Debug|x64
		{57898088-A706-450C-955A-4DA539196DDF}.Debug|x64.Build.0 = Debug|x64
		{57898088-A706-450C-955A-4DA539196DDF}.Release|x64.ActiveCfg = Release|x64
		{57898088-A706-450C-955A-4DA539196DDF}.Release|x64.Build.0 = Release|x64
	EndGlobalSection
	GlobalSection(SolutionProperties) = preSolution
		HideSolutionNode = FALSE
	EndGlobalSection
	GlobalSection(ExtensibilityGlobals) = postSolution
		SolutionGuid = {5D265D3B-E7F2-4D48-A978-48C905B31DB6}
	EndGlobalSection
EndGlobal
